// !$*UTF8*$!
{
	archiveVersion = 1;
	classes = {
	};
	objectVersion = 46;
	objects = {

/* Begin PBXBuildFile section */
		07F5C25FD6C28D0ED7E38C20 /* Pods_FirebaseTuturial1.framework in Frameworks */ = {isa = PBXBuildFile; fileRef = C93011DC72F660B9BF00D359 /* Pods_FirebaseTuturial1.framework */; };
		D024200F1F54710800EEF31B /* AppDelegate.swift in Sources */ = {isa = PBXBuildFile; fileRef = D024200E1F54710800EEF31B /* AppDelegate.swift */; };
		D02420111F54710800EEF31B /* LogInViewController.swift in Sources */ = {isa = PBXBuildFile; fileRef = D02420101F54710800EEF31B /* LogInViewController.swift */; };
		D02420141F54710800EEF31B /* Main.storyboard in Resources */ = {isa = PBXBuildFile; fileRef = D02420121F54710800EEF31B /* Main.storyboard */; };
		D02420161F54710800EEF31B /* Assets.xcassets in Resources */ = {isa = PBXBuildFile; fileRef = D02420151F54710800EEF31B /* Assets.xcassets */; };
		D02420191F54710800EEF31B /* LaunchScreen.storyboard in Resources */ = {isa = PBXBuildFile; fileRef = D02420171F54710800EEF31B /* LaunchScreen.storyboard */; };
		D086B7241F55AC6C00F46607 /* SignUpViewController.swift in Sources */ = {isa = PBXBuildFile; fileRef = D086B7231F55AC6C00F46607 /* SignUpViewController.swift */; };
		D086B7261F55ACB300F46607 /* ResetPasswordViewController.swift in Sources */ = {isa = PBXBuildFile; fileRef = D086B7251F55ACB300F46607 /* ResetPasswordViewController.swift */; };
		D086B7281F55AF7B00F46607 /* GoogleService-Info.plist in Resources */ = {isa = PBXBuildFile; fileRef = D086B7271F55AF7B00F46607 /* GoogleService-Info.plist */; };
/* End PBXBuildFile section */

/* Begin PBXFileReference section */
		0287258659F44C5A5F04C950 /* Pods-FirebaseTuturial1.release.xcconfig */ = {isa = PBXFileReference; includeInIndex = 1; lastKnownFileType = text.xcconfig; name = "Pods-FirebaseTuturial1.release.xcconfig"; path = "Pods/Target Support Files/Pods-FirebaseTuturial1/Pods-FirebaseTuturial1.release.xcconfig"; sourceTree = "<group>"; };
		3EE562E50E99D0E1BFDB9AD0 /* Pods-FirebaseTuturial1.debug.xcconfig */ = {isa = PBXFileReference; includeInIndex = 1; lastKnownFileType = text.xcconfig; name = "Pods-FirebaseTuturial1.debug.xcconfig"; path = "Pods/Target Support Files/Pods-FirebaseTuturial1/Pods-FirebaseTuturial1.debug.xcconfig"; sourceTree = "<group>"; };
		C93011DC72F660B9BF00D359 /* Pods_FirebaseTuturial1.framework */ = {isa = PBXFileReference; explicitFileType = wrapper.framework; includeInIndex = 0; path = Pods_FirebaseTuturial1.framework; sourceTree = BUILT_PRODUCTS_DIR; };
		D024200B1F54710800EEF31B /* FirebaseTuturial1.app */ = {isa = PBXFileReference; explicitFileType = wrapper.application; includeInIndex = 0; path = FirebaseTuturial1.app; sourceTree = BUILT_PRODUCTS_DIR; };
		D024200E1F54710800EEF31B /* AppDelegate.swift */ = {isa = PBXFileReference; lastKnownFileType = sourcecode.swift; path = AppDelegate.swift; sourceTree = "<group>"; };
		D02420101F54710800EEF31B /* LogInViewController.swift */ = {isa = PBXFileReference; lastKnownFileType = sourcecode.swift; path = LogInViewController.swift; sourceTree = "<group>"; };
		D02420131F54710800EEF31B /* Base */ = {isa = PBXFileReference; lastKnownFileType = file.storyboard; name = Base; path = Base.lproj/Main.storyboard; sourceTree = "<group>"; };
		D02420151F54710800EEF31B /* Assets.xcassets */ = {isa = PBXFileReference; lastKnownFileType = folder.assetcatalog; path = Assets.xcassets; sourceTree = "<group>"; };
		D02420181F54710800EEF31B /* Base */ = {isa = PBXFileReference; lastKnownFileType = file.storyboard; name = Base; path = Base.lproj/LaunchScreen.storyboard; sourceTree = "<group>"; };
		D024201A1F54710800EEF31B /* Info.plist */ = {isa = PBXFileReference; lastKnownFileType = text.plist.xml; path = Info.plist; sourceTree = "<group>"; };
		D086B7231F55AC6C00F46607 /* SignUpViewController.swift */ = {isa = PBXFileReference; fileEncoding = 4; lastKnownFileType = sourcecode.swift; path = SignUpViewController.swift; sourceTree = "<group>"; };
		D086B7251F55ACB300F46607 /* ResetPasswordViewController.swift */ = {isa = PBXFileReference; fileEncoding = 4; lastKnownFileType = sourcecode.swift; path = ResetPasswordViewController.swift; sourceTree = "<group>"; };
		D086B7271F55AF7B00F46607 /* GoogleService-Info.plist */ = {isa = PBXFileReference; fileEncoding = 4; lastKnownFileType = text.plist.xml; path = "GoogleService-Info.plist"; sourceTree = "<group>"; };
/* End PBXFileReference section */

/* Begin PBXFrameworksBuildPhase section */
		D02420081F54710800EEF31B /* Frameworks */ = {
			isa = PBXFrameworksBuildPhase;
			buildActionMask = 2147483647;
			files = (
				07F5C25FD6C28D0ED7E38C20 /* Pods_FirebaseTuturial1.framework in Frameworks */,
			);
			runOnlyForDeploymentPostprocessing = 0;
		};
/* End PBXFrameworksBuildPhase section */

/* Begin PBXGroup section */
		B34199348DEAFF0BD321F58D /* Frameworks */ = {
			isa = PBXGroup;
			children = (
				C93011DC72F660B9BF00D359 /* Pods_FirebaseTuturial1.framework */,
			);
			name = Frameworks;
			sourceTree = "<group>";
		};
		D02420021F54710800EEF31B = {
			isa = PBXGroup;
			children = (
				D024200D1F54710800EEF31B /* FirebaseTuturial1 */,
				D024200C1F54710800EEF31B /* Products */,
				E326321223319FD43C292DCC /* Pods */,
				B34199348DEAFF0BD321F58D /* Frameworks */,
			);
			sourceTree = "<group>";
		};
		D024200C1F54710800EEF31B /* Products */ = {
			isa = PBXGroup;
			children = (
				D024200B1F54710800EEF31B /* FirebaseTuturial1.app */,
			);
			name = Products;
			sourceTree = "<group>";
		};
		D024200D1F54710800EEF31B /* FirebaseTuturial1 */ = {
			isa = PBXGroup;
			children = (
				D024200E1F54710800EEF31B /* AppDelegate.swift */,
				D02420101F54710800EEF31B /* LogInViewController.swift */,
				D086B7231F55AC6C00F46607 /* SignUpViewController.swift */,
				D086B7251F55ACB300F46607 /* ResetPasswordViewController.swift */,
				D02420121F54710800EEF31B /* Main.storyboard */,
				D02420151F54710800EEF31B /* Assets.xcassets */,
				D02420171F54710800EEF31B /* LaunchScreen.storyboard */,
				D024201A1F54710800EEF31B /* Info.plist */,
				D086B7271F55AF7B00F46607 /* GoogleService-Info.plist */,
			);
			path = FirebaseTuturial1;
			sourceTree = "<group>";
		};
		E326321223319FD43C292DCC /* Pods */ = {
			isa = PBXGroup;
			children = (
				3EE562E50E99D0E1BFDB9AD0 /* Pods-FirebaseTuturial1.debug.xcconfig */,
				0287258659F44C5A5F04C950 /* Pods-FirebaseTuturial1.release.xcconfig */,
			);
			name = Pods;
			sourceTree = "<group>";
		};
/* End PBXGroup section */

/* Begin PBXNativeTarget section */
		D024200A1F54710800EEF31B /* FirebaseTuturial1 */ = {
			isa = PBXNativeTarget;
			buildConfigurationList = D024201D1F54710800EEF31B /* Build configuration list for PBXNativeTarget "FirebaseTuturial1" */;
			buildPhases = (
				AFA602AA52FC8281907279C8 /* [CP] Check Pods Manifest.lock */,
				D02420071F54710800EEF31B /* Sources */,
				D02420081F54710800EEF31B /* Frameworks */,
				D02420091F54710800EEF31B /* Resources */,
				A5D10E7603AB55FE1DDA95C0 /* [CP] Embed Pods Frameworks */,
				E73E73E44C782A16DCE7FC30 /* [CP] Copy Pods Resources */,
			);
			buildRules = (
			);
			dependencies = (
			);
			name = FirebaseTuturial1;
			productName = FirebaseTuturial1;
			productReference = D024200B1F54710800EEF31B /* FirebaseTuturial1.app */;
			productType = "com.apple.product-type.application";
		};
/* End PBXNativeTarget section */

/* Begin PBXProject section */
		D02420031F54710800EEF31B /* Project object */ = {
			isa = PBXProject;
			attributes = {
				LastSwiftUpdateCheck = 0830;
				LastUpgradeCheck = 0830;
				ORGANIZATIONNAME = Fish;
				TargetAttributes = {
					D024200A1F54710800EEF31B = {
						CreatedOnToolsVersion = 8.3.3;
						DevelopmentTeam = QK5WLWAWC3;
						ProvisioningStyle = Automatic;
					};
				};
			};
			buildConfigurationList = D02420061F54710800EEF31B /* Build configuration list for PBXProject "FirebaseTuturial1" */;
			compatibilityVersion = "Xcode 3.2";
			developmentRegion = English;
			hasScannedForEncodings = 0;
			knownRegions = (
				en,
				Base,
			);
			mainGroup = D02420021F54710800EEF31B;
			productRefGroup = D024200C1F54710800EEF31B /* Products */;
			projectDirPath = "";
			projectRoot = "";
			targets = (
				D024200A1F54710800EEF31B /* FirebaseTuturial1 */,
			);
		};
/* End PBXProject section */

/* Begin PBXResourcesBuildPhase section */
		D02420091F54710800EEF31B /* Resources */ = {
			isa = PBXResourcesBuildPhase;
			buildActionMask = 2147483647;
			files = (
				D02420191F54710800EEF31B /* LaunchScreen.storyboard in Resources */,
				D086B7281F55AF7B00F46607 /* GoogleService-Info.plist in Resources */,
				D02420161F54710800EEF31B /* Assets.xcassets in Resources */,
				D02420141F54710800EEF31B /* Main.storyboard in Resources */,
			);
			runOnlyForDeploymentPostprocessing = 0;
		};
/* End PBXResourcesBuildPhase section */

/* Begin PBXShellScriptBuildPhase section */
		A5D10E7603AB55FE1DDA95C0 /* [CP] Embed Pods Frameworks */ = {
			isa = PBXShellScriptBuildPhase;
			buildActionMask = 2147483647;
			files = (
			);
			inputPaths = (
				"${SRCROOT}/Pods/Target Support Files/Pods-FirebaseTuturial1/Pods-FirebaseTuturial1-frameworks.sh",
				"${BUILT_PRODUCTS_DIR}/GTMSessionFetcher/GTMSessionFetcher.framework",
				"${BUILT_PRODUCTS_DIR}/GoogleToolboxForMac/GoogleToolboxForMac.framework",
				"${BUILT_PRODUCTS_DIR}/nanopb/nanopb.framework",
			);
			name = "[CP] Embed Pods Frameworks";
			outputPaths = (
				"${TARGET_BUILD_DIR}/${FRAMEWORKS_FOLDER_PATH}/GTMSessionFetcher.framework",
				"${TARGET_BUILD_DIR}/${FRAMEWORKS_FOLDER_PATH}/GoogleToolboxForMac.framework",
				"${TARGET_BUILD_DIR}/${FRAMEWORKS_FOLDER_PATH}/nanopb.framework",
			);
			runOnlyForDeploymentPostprocessing = 0;
			shellPath = /bin/sh;
			shellScript = "\"${SRCROOT}/Pods/Target Support Files/Pods-FirebaseTuturial1/Pods-FirebaseTuturial1-frameworks.sh\"\n";
			showEnvVarsInLog = 0;
		};
		AFA602AA52FC8281907279C8 /* [CP] Check Pods Manifest.lock */ = {
			isa = PBXShellScriptBuildPhase;
			buildActionMask = 2147483647;
			files = (
			);
			inputPaths = (
				"${PODS_PODFILE_DIR_PATH}/Podfile.lock",
				"${PODS_ROOT}/Manifest.lock",
			);
			name = "[CP] Check Pods Manifest.lock";
			outputPaths = (
				"$(DERIVED_FILE_DIR)/Pods-FirebaseTuturial1-checkManifestLockResult.txt",
			);
			runOnlyForDeploymentPostprocessing = 0;
			shellPath = /bin/sh;
			shellScript = "diff \"${PODS_PODFILE_DIR_PATH}/Podfile.lock\" \"${PODS_ROOT}/Manifest.lock\" > /dev/null\nif [ $? != 0 ] ; then\n    # print error to STDERR\n    echo \"error: The sandbox is not in sync with the Podfile.lock. Run 'pod install' or update your CocoaPods installation.\" >&2\n    exit 1\nfi\n# This output is used by Xcode 'outputs' to avoid re-running this script phase.\necho \"SUCCESS\" > \"${SCRIPT_OUTPUT_FILE_0}\"\n";
			showEnvVarsInLog = 0;
		};
		E73E73E44C782A16DCE7FC30 /* [CP] Copy Pods Resources */ = {
			isa = PBXShellScriptBuildPhase;
			buildActionMask = 2147483647;
			files = (
			);
			inputPaths = (
			);
			name = "[CP] Copy Pods Resources";
			outputPaths = (
			);
			runOnlyForDeploymentPostprocessing = 0;
			shellPath = /bin/sh;
			shellScript = "\"${SRCROOT}/Pods/Target Support Files/Pods-FirebaseTuturial1/Pods-FirebaseTuturial1-resources.sh\"\n";
			showEnvVarsInLog = 0;
		};
/* End PBXShellScriptBuildPhase section */

/* Begin PBXSourcesBuildPhase section */
		D02420071F54710800EEF31B /* Sources */ = {
			isa = PBXSourcesBuildPhase;
			buildActionMask = 2147483647;
			files = (
				D086B7241F55AC6C00F46607 /* SignUpViewController.swift in Sources */,
				D02420111F54710800EEF31B /* LogInViewController.swift in Sources */,
				D024200F1F54710800EEF31B /* AppDelegate.swift in Sources */,
				D086B7261F55ACB300F46607 /* ResetPasswordViewController.swift in Sources */,
			);
			runOnlyForDeploymentPostprocessing = 0;
		};
/* End PBXSourcesBuildPhase section */

/* Begin PBXVariantGroup section */
		D02420121F54710800EEF31B /* Main.storyboard */ = {
			isa = PBXVariantGroup;
			children = (
				D02420131F54710800EEF31B /* Base */,
			);
			name = Main.storyboard;
			sourceTree = "<group>";
		};
		D02420171F54710800EEF31B /* LaunchScreen.storyboard */ = {
			isa = PBXVariantGroup;
			children = (
				D02420181F54710800EEF31B /* Base */,
			);
			name = LaunchScreen.storyboard;
			sourceTree = "<group>";
		};
/* End PBXVariantGroup section */

/* Begin XCBuildConfiguration section */
		D024201B1F54710800EEF31B /* Debug */ = {
			isa = XCBuildConfiguration;
			buildSettings = {
				ALWAYS_SEARCH_USER_PATHS = NO;
				CLANG_ANALYZER_NONNULL = YES;
				CLANG_ANALYZER_NUMBER_OBJECT_CONVERSION = YES_AGGRESSIVE;
				CLANG_CXX_LANGUAGE_STANDARD = "gnu++0x";
				CLANG_CXX_LIBRARY = "libc++";
				CLANG_ENABLE_MODULES = YES;
				CLANG_ENABLE_OBJC_ARC = YES;
				CLANG_WARN_BOOL_CONVERSION = YES;
				CLANG_WARN_CONSTANT_CONVERSION = YES;
				CLANG_WARN_DIRECT_OBJC_ISA_USAGE = YES_ERROR;
				CLANG_WARN_DOCUMENTATION_COMMENTS = YES;
				CLANG_WARN_EMPTY_BODY = YES;
				CLANG_WARN_ENUM_CONVERSION = YES;
				CLANG_WARN_INFINITE_RECURSION = YES;
				CLANG_WARN_INT_CONVERSION = YES;
				CLANG_WARN_OBJC_ROOT_CLASS = YES_ERROR;
				CLANG_WARN_SUSPICIOUS_MOVE = YES;
				CLANG_WARN_UNREACHABLE_CODE = YES;
				CLANG_WARN__DUPLICATE_METHOD_MATCH = YES;
				"CODE_SIGN_IDENTITY[sdk=iphoneos*]" = "iPhone Developer";
				COPY_PHASE_STRIP = NO;
				DEBUG_INFORMATION_FORMAT = dwarf;
				ENABLE_STRICT_OBJC_MSGSEND = YES;
				ENABLE_TESTABILITY = YES;
				GCC_C_LANGUAGE_STANDARD = gnu99;
				GCC_DYNAMIC_NO_PIC = NO;
				GCC_NO_COMMON_BLOCKS = YES;
				GCC_OPTIMIZATION_LEVEL = 0;
				GCC_PREPROCESSOR_DEFINITIONS = (
					"DEBUG=1",
					"$(inherited)",
				);
				GCC_WARN_64_TO_32_BIT_CONVERSION = YES;
				GCC_WARN_ABOUT_RETURN_TYPE = YES_ERROR;
				GCC_WARN_UNDECLARED_SELECTOR = YES;
				GCC_WARN_UNINITIALIZED_AUTOS = YES_AGGRESSIVE;
				GCC_WARN_UNUSED_FUNCTION = YES;
				GCC_WARN_UNUSED_VARIABLE = YES;
				IPHONEOS_DEPLOYMENT_TARGET = 10.3;
				MTL_ENABLE_DEBUG_INFO = YES;
				ONLY_ACTIVE_ARCH = YES;
				SDKROOT = iphoneos;
				SWIFT_ACTIVE_COMPILATION_CONDITIONS = DEBUG;
				SWIFT_OPTIMIZATION_LEVEL = "-Onone";
			};
			name = Debug;
		};
		D024201C1F54710800EEF31B /* Release */ = {
			isa = XCBuildConfiguration;
			buildSettings = {
				ALWAYS_SEARCH_USER_PATHS = NO;
				CLANG_ANALYZER_NONNULL = YES;
				CLANG_ANALYZER_NUMBER_OBJECT_CONVERSION = YES_AGGRESSIVE;
				CLANG_CXX_LANGUAGE_STANDARD = "gnu++0x";
				CLANG_CXX_LIBRARY = "libc++";
				CLANG_ENABLE_MODULES = YES;
				CLANG_ENABLE_OBJC_ARC = YES;
				CLANG_WARN_BOOL_CONVERSION = YES;
				CLANG_WARN_CONSTANT_CONVERSION = YES;
				CLANG_WARN_DIRECT_OBJC_ISA_USAGE = YES_ERROR;
				CLANG_WARN_DOCUMENTATION_COMMENTS = YES;
				CLANG_WARN_EMPTY_BODY = YES;
				CLANG_WARN_ENUM_CONVERSION = YES;
				CLANG_WARN_INFINITE_RECURSION = YES;
				CLANG_WARN_INT_CONVERSION = YES;
				CLANG_WARN_OBJC_ROOT_CLASS = YES_ERROR;
				CLANG_WARN_SUSPICIOUS_MOVE = YES;
				CLANG_WARN_UNREACHABLE_CODE = YES;
				CLANG_WARN__DUPLICATE_METHOD_MATCH = YES;
				"CODE_SIGN_IDENTITY[sdk=iphoneos*]" = "iPhone Developer";
				COPY_PHASE_STRIP = NO;
				DEBUG_INFORMATION_FORMAT = "dwarf-with-dsym";
				ENABLE_NS_ASSERTIONS = NO;
				ENABLE_STRICT_OBJC_MSGSEND = YES;
				GCC_C_LANGUAGE_STANDARD = gnu99;
				GCC_NO_COMMON_BLOCKS = YES;
				GCC_WARN_64_TO_32_BIT_CONVERSION = YES;
				GCC_WARN_ABOUT_RETURN_TYPE = YES_ERROR;
				GCC_WARN_UNDECLARED_SELECTOR = YES;
				GCC_WARN_UNINITIALIZED_AUTOS = YES_AGGRESSIVE;
				GCC_WARN_UNUSED_FUNCTION = YES;
				GCC_WARN_UNUSED_VARIABLE = YES;
				IPHONEOS_DEPLOYMENT_TARGET = 10.3;
				MTL_ENABLE_DEBUG_INFO = NO;
				SDKROOT = iphoneos;
				SWIFT_OPTIMIZATION_LEVEL = "-Owholemodule";
				VALIDATE_PRODUCT = YES;
			};
			name = Release;
		};
		D024201E1F54710800EEF31B /* Debug */ = {
			isa = XCBuildConfiguration;
			baseConfigurationReference = 3EE562E50E99D0E1BFDB9AD0 /* Pods-FirebaseTuturial1.debug.xcconfig */;
			buildSettings = {
				ASSETCATALOG_COMPILER_APPICON_NAME = AppIcon;
				DEVELOPMENT_TEAM = QK5WLWAWC3;
				INFOPLIST_FILE = FirebaseTuturial1/Info.plist;
				LD_RUNPATH_SEARCH_PATHS = "$(inherited) @executable_path/Frameworks";
				PRODUCT_BUNDLE_IDENTIFIER = com.fish.FirebaseTuturial1;
				PRODUCT_NAME = "$(TARGET_NAME)";
				SWIFT_VERSION = 3.0;
			};
			name = Debug;
		};
		D024201F1F54710800EEF31B /* Release */ = {
			isa = XCBuildConfiguration;
			baseConfigurationReference = 0287258659F44C5A5F04C950 /* Pods-FirebaseTuturial1.release.xcconfig */;
			buildSettings = {
				ASSETCATALOG_COMPILER_APPICON_NAME = AppIcon;
				DEVELOPMENT_TEAM = QK5WLWAWC3;
				INFOPLIST_FILE = FirebaseTuturial1/Info.plist;
				LD_RUNPATH_SEARCH_PATHS = "$(inherited) @executable_path/Frameworks";
				PRODUCT_BUNDLE_IDENTIFIER = com.fish.FirebaseTuturial1;
				PRODUCT_NAME = "$(TARGET_NAME)";
				SWIFT_VERSION = 3.0;
			};
			name = Release;
		};
/* End XCBuildConfiguration section */

/* Begin XCConfigurationList section */
		D02420061F54710800EEF31B /* Build configuration list for PBXProject "FirebaseTuturial1" */ = {
			isa = XCConfigurationList;
			buildConfigurations = (
				D024201B1F54710800EEF31B /* Debug */,
				D024201C1F54710800EEF31B /* Release */,
			);
			defaultConfigurationIsVisible = 0;
			defaultConfigurationName = Release;
		};
		D024201D1F54710800EEF31B /* Build configuration list for PBXNativeTarget "FirebaseTuturial1" */ = {
			isa = XCConfigurationList;
			buildConfigurations = (
				D024201E1F54710800EEF31B /* Debug */,
				D024201F1F54710800EEF31B /* Release */,
			);
			defaultConfigurationIsVisible = 0;
			defaultConfigurationName = Release;
		};
/* End XCConfigurationList section */
	};
	rootObject = D02420031F54710800EEF31B /* Project object */;
}
